// !$*UTF8*$!
{
	archiveVersion = 1;
	classes = {
	};
	objectVersion = 52;
	objects = {

/* Begin PBXBuildFile section */
		F70A5CCC2988969A00B602B9 /* ContactTableViewCell.swift in Sources */ = {isa = PBXBuildFile; fileRef = F70A5CCB2988969A00B602B9 /* ContactTableViewCell.swift */; };
		F70A5CCE298896EC00B602B9 /* UITableViewCell+Extension.swift in Sources */ = {isa = PBXBuildFile; fileRef = F70A5CCD298896EC00B602B9 /* UITableViewCell+Extension.swift */; };
		F70A5CD02988979700B602B9 /* ContactsVC+SearchBarDelegate.swift in Sources */ = {isa = PBXBuildFile; fileRef = F70A5CCF2988979700B602B9 /* ContactsVC+SearchBarDelegate.swift */; };
		F7172F1126C42E960019B760 /* EDTypes.swift in Sources */ = {isa = PBXBuildFile; fileRef = F7172F1026C42E960019B760 /* EDTypes.swift */; };
		F7172F1326C42EAA0019B760 /* ContactStore.swift in Sources */ = {isa = PBXBuildFile; fileRef = F7172F1226C42EAA0019B760 /* ContactStore.swift */; };
		F71C7A2F26CEF9EC0009182A /* Assets.xcassets in Resources */ = {isa = PBXBuildFile; fileRef = F71C7A2E26CEF9EC0009182A /* Assets.xcassets */; };
		F722DDE626A8702A0017493B /* AppDelegate.swift in Sources */ = {isa = PBXBuildFile; fileRef = F722DDE526A8702A0017493B /* AppDelegate.swift */; };
		F722DDE826A8702A0017493B /* SceneDelegate.swift in Sources */ = {isa = PBXBuildFile; fileRef = F722DDE726A8702A0017493B /* SceneDelegate.swift */; };
		F722DDF226A8702C0017493B /* LaunchScreen.storyboard in Resources */ = {isa = PBXBuildFile; fileRef = F722DDF026A8702C0017493B /* LaunchScreen.storyboard */; };
		F722DE0226A8773D0017493B /* Consts.swift in Sources */ = {isa = PBXBuildFile; fileRef = F722DE0126A8773D0017493B /* Consts.swift */; };
		F7231C1926BDE481001F7787 /* .swiftlint.yml in Resources */ = {isa = PBXBuildFile; fileRef = F7231C1826BDE481001F7787 /* .swiftlint.yml */; };
		F7231C1F26BDEF3D001F7787 /* Alert.swift in Sources */ = {isa = PBXBuildFile; fileRef = F7231C1E26BDEF3D001F7787 /* Alert.swift */; };
		F7231C2126BDF648001F7787 /* DeletedContactsVC+SearchBarDelegate.swift in Sources */ = {isa = PBXBuildFile; fileRef = F7231C2026BDF648001F7787 /* DeletedContactsVC+SearchBarDelegate.swift */; };
		F7361812298B07D700D3ADDA /* DatabaseManager.swift in Sources */ = {isa = PBXBuildFile; fileRef = F7361811298B07D700D3ADDA /* DatabaseManager.swift */; };
		F73881BD28B6C43F00704850 /* ContactsListViewModel.swift in Sources */ = {isa = PBXBuildFile; fileRef = F73881BC28B6C43F00704850 /* ContactsListViewModel.swift */; };
		F75D7D7C26C6FD4E000F921C /* EasyDeleteDataBaseTests.swift in Sources */ = {isa = PBXBuildFile; fileRef = F75D7D7B26C6FD4E000F921C /* EasyDeleteDataBaseTests.swift */; };
		F768DF9A2989477900969914 /* ContactsListViewController.swift in Sources */ = {isa = PBXBuildFile; fileRef = F768DF992989477900969914 /* ContactsListViewController.swift */; };
		F768DF9C2989614500969914 /* ContactsCellViewModel.swift in Sources */ = {isa = PBXBuildFile; fileRef = F768DF9B2989614500969914 /* ContactsCellViewModel.swift */; };
		F768DFC42989AB0200969914 /* EasyDelete.xcdatamodeld in Sources */ = {isa = PBXBuildFile; fileRef = F768DFC22989AB0200969914 /* EasyDelete.xcdatamodeld */; };
		F7810CA3299D73C70085CF5A /* Contact+CoreDataProperties.swift in Sources */ = {isa = PBXBuildFile; fileRef = F7810CA2299D73C70085CF5A /* Contact+CoreDataProperties.swift */; };
		F7810CA6299D888E0085CF5A /* SnapKit in Frameworks */ = {isa = PBXBuildFile; productRef = F7810CA5299D888E0085CF5A /* SnapKit */; };
		F7BC54B026BAAF4E006C41A5 /* UIView+Extension.swift in Sources */ = {isa = PBXBuildFile; fileRef = F7BC54AF26BAAF4E006C41A5 /* UIView+Extension.swift */; };
		F7BC54BB26BACE05006C41A5 /* EasyDeleteDataSourceTests.swift in Sources */ = {isa = PBXBuildFile; fileRef = F7BC54BA26BACE05006C41A5 /* EasyDeleteDataSourceTests.swift */; };
		F7BC54C726BB05CD006C41A5 /* ContactModel.swift in Sources */ = {isa = PBXBuildFile; fileRef = F7BC54C626BB05CD006C41A5 /* ContactModel.swift */; };
		F7BF154729D87FAF00F9730A /* Array+Extension.swift in Sources */ = {isa = PBXBuildFile; fileRef = F7BF154629D87FAF00F9730A /* Array+Extension.swift */; };
		F7C845D926E0635400B971E1 /* Localizable.strings in Resources */ = {isa = PBXBuildFile; fileRef = F7C845DB26E0635400B971E1 /* Localizable.strings */; };
		F7F55462298D74DC004F062C /* Contact+CoreDataClass.swift in Sources */ = {isa = PBXBuildFile; fileRef = F7F55460298D74DC004F062C /* Contact+CoreDataClass.swift */; };
		F7F55465298D91B3004F062C /* DeletedContactsListViewController.swift in Sources */ = {isa = PBXBuildFile; fileRef = F7F55464298D91B3004F062C /* DeletedContactsListViewController.swift */; };
		F7F55467298D966A004F062C /* DeletedContactTableViewCell.swift in Sources */ = {isa = PBXBuildFile; fileRef = F7F55466298D966A004F062C /* DeletedContactTableViewCell.swift */; };
		F7F55469298DA7EE004F062C /* ContactProtocol.swift in Sources */ = {isa = PBXBuildFile; fileRef = F7F55468298DA7EE004F062C /* ContactProtocol.swift */; };
		F7F55473298DAE12004F062C /* CNMutableContact+Extension.swift in Sources */ = {isa = PBXBuildFile; fileRef = F7F55472298DAE12004F062C /* CNMutableContact+Extension.swift */; };
/* End PBXBuildFile section */

/* Begin PBXContainerItemProxy section */
		F7BC54BD26BACE05006C41A5 /* PBXContainerItemProxy */ = {
			isa = PBXContainerItemProxy;
			containerPortal = F722DDDA26A8702A0017493B /* Project object */;
			proxyType = 1;
			remoteGlobalIDString = F722DDE126A8702A0017493B;
			remoteInfo = EasyDelete;
		};
/* End PBXContainerItemProxy section */

/* Begin PBXFileReference section */
		F70A5CCB2988969A00B602B9 /* ContactTableViewCell.swift */ = {isa = PBXFileReference; lastKnownFileType = sourcecode.swift; path = ContactTableViewCell.swift; sourceTree = "<group>"; };
		F70A5CCD298896EC00B602B9 /* UITableViewCell+Extension.swift */ = {isa = PBXFileReference; lastKnownFileType = sourcecode.swift; path = "UITableViewCell+Extension.swift"; sourceTree = "<group>"; };
		F70A5CCF2988979700B602B9 /* ContactsVC+SearchBarDelegate.swift */ = {isa = PBXFileReference; fileEncoding = 4; lastKnownFileType = sourcecode.swift; path = "ContactsVC+SearchBarDelegate.swift"; sourceTree = "<group>"; };
		F7172F1026C42E960019B760 /* EDTypes.swift */ = {isa = PBXFileReference; fileEncoding = 4; lastKnownFileType = sourcecode.swift; path = EDTypes.swift; sourceTree = "<group>"; };
		F7172F1226C42EAA0019B760 /* ContactStore.swift */ = {isa = PBXFileReference; fileEncoding = 4; lastKnownFileType = sourcecode.swift; path = ContactStore.swift; sourceTree = "<group>"; };
		F71C7A2E26CEF9EC0009182A /* Assets.xcassets */ = {isa = PBXFileReference; lastKnownFileType = folder.assetcatalog; path = Assets.xcassets; sourceTree = "<group>"; };
		F722DDE226A8702A0017493B /* EasyDelete.app */ = {isa = PBXFileReference; explicitFileType = wrapper.application; includeInIndex = 0; path = EasyDelete.app; sourceTree = BUILT_PRODUCTS_DIR; };
		F722DDE526A8702A0017493B /* AppDelegate.swift */ = {isa = PBXFileReference; lastKnownFileType = sourcecode.swift; path = AppDelegate.swift; sourceTree = "<group>"; };
		F722DDE726A8702A0017493B /* SceneDelegate.swift */ = {isa = PBXFileReference; lastKnownFileType = sourcecode.swift; path = SceneDelegate.swift; sourceTree = "<group>"; };
		F722DDF126A8702C0017493B /* Base */ = {isa = PBXFileReference; lastKnownFileType = file.storyboard; name = Base; path = Base.lproj/LaunchScreen.storyboard; sourceTree = "<group>"; };
		F722DDF326A8702C0017493B /* Info.plist */ = {isa = PBXFileReference; lastKnownFileType = text.plist.xml; path = Info.plist; sourceTree = "<group>"; };
		F722DE0126A8773D0017493B /* Consts.swift */ = {isa = PBXFileReference; lastKnownFileType = sourcecode.swift; path = Consts.swift; sourceTree = "<group>"; };
		F7231C1826BDE481001F7787 /* .swiftlint.yml */ = {isa = PBXFileReference; lastKnownFileType = text.yaml; path = .swiftlint.yml; sourceTree = "<group>"; };
		F7231C1E26BDEF3D001F7787 /* Alert.swift */ = {isa = PBXFileReference; lastKnownFileType = sourcecode.swift; path = Alert.swift; sourceTree = "<group>"; };
		F7231C2026BDF648001F7787 /* DeletedContactsVC+SearchBarDelegate.swift */ = {isa = PBXFileReference; lastKnownFileType = sourcecode.swift; path = "DeletedContactsVC+SearchBarDelegate.swift"; sourceTree = "<group>"; };
		F7361811298B07D700D3ADDA /* DatabaseManager.swift */ = {isa = PBXFileReference; lastKnownFileType = sourcecode.swift; path = DatabaseManager.swift; sourceTree = "<group>"; };
		F73881BC28B6C43F00704850 /* ContactsListViewModel.swift */ = {isa = PBXFileReference; lastKnownFileType = sourcecode.swift; path = ContactsListViewModel.swift; sourceTree = "<group>"; };
		F75D7D7B26C6FD4E000F921C /* EasyDeleteDataBaseTests.swift */ = {isa = PBXFileReference; lastKnownFileType = sourcecode.swift; path = EasyDeleteDataBaseTests.swift; sourceTree = "<group>"; };
		F768DF992989477900969914 /* ContactsListViewController.swift */ = {isa = PBXFileReference; lastKnownFileType = sourcecode.swift; path = ContactsListViewController.swift; sourceTree = "<group>"; };
		F768DF9B2989614500969914 /* ContactsCellViewModel.swift */ = {isa = PBXFileReference; lastKnownFileType = sourcecode.swift; path = ContactsCellViewModel.swift; sourceTree = "<group>"; };
		F768DFC32989AB0200969914 /* EasyDelete.xcdatamodel */ = {isa = PBXFileReference; lastKnownFileType = wrapper.xcdatamodel; path = EasyDelete.xcdatamodel; sourceTree = "<group>"; };
		F7810CA2299D73C70085CF5A /* Contact+CoreDataProperties.swift */ = {isa = PBXFileReference; lastKnownFileType = sourcecode.swift; path = "Contact+CoreDataProperties.swift"; sourceTree = "<group>"; };
		F7BC54AF26BAAF4E006C41A5 /* UIView+Extension.swift */ = {isa = PBXFileReference; lastKnownFileType = sourcecode.swift; path = "UIView+Extension.swift"; sourceTree = "<group>"; };
		F7BC54B826BACE05006C41A5 /* EasyDeleteTests.xctest */ = {isa = PBXFileReference; explicitFileType = wrapper.cfbundle; includeInIndex = 0; path = EasyDeleteTests.xctest; sourceTree = BUILT_PRODUCTS_DIR; };
		F7BC54BA26BACE05006C41A5 /* EasyDeleteDataSourceTests.swift */ = {isa = PBXFileReference; lastKnownFileType = sourcecode.swift; path = EasyDeleteDataSourceTests.swift; sourceTree = "<group>"; };
		F7BC54BC26BACE05006C41A5 /* Info.plist */ = {isa = PBXFileReference; lastKnownFileType = text.plist.xml; path = Info.plist; sourceTree = "<group>"; };
		F7BC54C626BB05CD006C41A5 /* ContactModel.swift */ = {isa = PBXFileReference; lastKnownFileType = sourcecode.swift; path = ContactModel.swift; sourceTree = "<group>"; };
		F7BF154629D87FAF00F9730A /* Array+Extension.swift */ = {isa = PBXFileReference; lastKnownFileType = sourcecode.swift; path = "Array+Extension.swift"; sourceTree = "<group>"; };
		F7C845D626E062E400B971E1 /* pt-PT */ = {isa = PBXFileReference; lastKnownFileType = text.plist.strings; name = "pt-PT"; path = "pt-PT.lproj/LaunchScreen.strings"; sourceTree = "<group>"; };
		F7C845DA26E0635400B971E1 /* pt-PT */ = {isa = PBXFileReference; lastKnownFileType = text.plist.strings; name = "pt-PT"; path = "pt-PT.lproj/Localizable.strings"; sourceTree = "<group>"; };
		F7C845DC26E0636D00B971E1 /* en */ = {isa = PBXFileReference; lastKnownFileType = text.plist.strings; name = en; path = en.lproj/Localizable.strings; sourceTree = "<group>"; };
		F7F55460298D74DC004F062C /* Contact+CoreDataClass.swift */ = {isa = PBXFileReference; lastKnownFileType = sourcecode.swift; path = "Contact+CoreDataClass.swift"; sourceTree = "<group>"; };
		F7F55464298D91B3004F062C /* DeletedContactsListViewController.swift */ = {isa = PBXFileReference; lastKnownFileType = sourcecode.swift; path = DeletedContactsListViewController.swift; sourceTree = "<group>"; };
		F7F55466298D966A004F062C /* DeletedContactTableViewCell.swift */ = {isa = PBXFileReference; lastKnownFileType = sourcecode.swift; path = DeletedContactTableViewCell.swift; sourceTree = "<group>"; };
		F7F55468298DA7EE004F062C /* ContactProtocol.swift */ = {isa = PBXFileReference; lastKnownFileType = sourcecode.swift; path = ContactProtocol.swift; sourceTree = "<group>"; };
		F7F55472298DAE12004F062C /* CNMutableContact+Extension.swift */ = {isa = PBXFileReference; lastKnownFileType = sourcecode.swift; path = "CNMutableContact+Extension.swift"; sourceTree = "<group>"; };
/* End PBXFileReference section */

/* Begin PBXFrameworksBuildPhase section */
		F722DDDF26A8702A0017493B /* Frameworks */ = {
			isa = PBXFrameworksBuildPhase;
			buildActionMask = 2147483647;
			files = (
				F7810CA6299D888E0085CF5A /* SnapKit in Frameworks */,
			);
			runOnlyForDeploymentPostprocessing = 0;
		};
		F7BC54B526BACE05006C41A5 /* Frameworks */ = {
			isa = PBXFrameworksBuildPhase;
			buildActionMask = 2147483647;
			files = (
			);
			runOnlyForDeploymentPostprocessing = 0;
		};
/* End PBXFrameworksBuildPhase section */

/* Begin PBXGroup section */
		F70A5CCA2988967A00B602B9 /* Cells */ = {
			isa = PBXGroup;
			children = (
				F70A5CCB2988969A00B602B9 /* ContactTableViewCell.swift */,
				F7F55466298D966A004F062C /* DeletedContactTableViewCell.swift */,
			);
			path = Cells;
			sourceTree = "<group>";
		};
		F722DDD926A8702A0017493B = {
			isa = PBXGroup;
			children = (
				F768DFC22989AB0200969914 /* EasyDelete.xcdatamodeld */,
				F7231C1826BDE481001F7787 /* .swiftlint.yml */,
				F722DDE426A8702A0017493B /* EasyDelete */,
				F7BC54B926BACE05006C41A5 /* EasyDeleteTests */,
				F722DDE326A8702A0017493B /* Products */,
			);
			sourceTree = "<group>";
		};
		F722DDE326A8702A0017493B /* Products */ = {
			isa = PBXGroup;
			children = (
				F722DDE226A8702A0017493B /* EasyDelete.app */,
				F7BC54B826BACE05006C41A5 /* EasyDeleteTests.xctest */,
			);
			name = Products;
			sourceTree = "<group>";
		};
		F722DDE426A8702A0017493B /* EasyDelete */ = {
			isa = PBXGroup;
			children = (
				F7BC54C426BB05B2006C41A5 /* Data */,
				F7BC54AE26BA9C4A006C41A5 /* Extensions */,
				F722DDFC26A874EB0017493B /* Supporting Files */,
				F7BC54CE26BB0A4D006C41A5 /* Views */,
				F722DE0026A8772B0017493B /* Utils */,
			);
			path = EasyDelete;
			sourceTree = "<group>";
		};
		F722DDFB26A874E30017493B /* ViewControllers */ = {
			isa = PBXGroup;
			children = (
				F768DF992989477900969914 /* ContactsListViewController.swift */,
				F7F55464298D91B3004F062C /* DeletedContactsListViewController.swift */,
			);
			path = ViewControllers;
			sourceTree = "<group>";
		};
		F722DDFC26A874EB0017493B /* Supporting Files */ = {
			isa = PBXGroup;
			children = (
				F722DDE526A8702A0017493B /* AppDelegate.swift */,
				F722DDE726A8702A0017493B /* SceneDelegate.swift */,
				F71C7A2E26CEF9EC0009182A /* Assets.xcassets */,
				F722DDF326A8702C0017493B /* Info.plist */,
				F722DDF026A8702C0017493B /* LaunchScreen.storyboard */,
			);
			path = "Supporting Files";
			sourceTree = "<group>";
		};
		F722DE0026A8772B0017493B /* Utils */ = {
			isa = PBXGroup;
			children = (
				F7C845DB26E0635400B971E1 /* Localizable.strings */,
				F722DE0126A8773D0017493B /* Consts.swift */,
				F7231C1E26BDEF3D001F7787 /* Alert.swift */,
				F7172F1026C42E960019B760 /* EDTypes.swift */,
			);
			path = Utils;
			sourceTree = "<group>";
		};
		F73881BB28B6C41E00704850 /* ViewModels */ = {
			isa = PBXGroup;
			children = (
				F73881BC28B6C43F00704850 /* ContactsListViewModel.swift */,
				F768DF9B2989614500969914 /* ContactsCellViewModel.swift */,
			);
			path = ViewModels;
			sourceTree = "<group>";
		};
		F768DF982989469000969914 /* Services */ = {
			isa = PBXGroup;
			children = (
				F7172F1226C42EAA0019B760 /* ContactStore.swift */,
				F7361811298B07D700D3ADDA /* DatabaseManager.swift */,
			);
			path = Services;
			sourceTree = "<group>";
		};
		F7BC54AE26BA9C4A006C41A5 /* Extensions */ = {
			isa = PBXGroup;
			children = (
				F7BC54AF26BAAF4E006C41A5 /* UIView+Extension.swift */,
				F7BF154629D87FAF00F9730A /* Array+Extension.swift */,
				F70A5CCD298896EC00B602B9 /* UITableViewCell+Extension.swift */,
				F7F55472298DAE12004F062C /* CNMutableContact+Extension.swift */,
				F70A5CCF2988979700B602B9 /* ContactsVC+SearchBarDelegate.swift */,
				F7231C2026BDF648001F7787 /* DeletedContactsVC+SearchBarDelegate.swift */,
			);
			path = Extensions;
			sourceTree = "<group>";
		};
		F7BC54B926BACE05006C41A5 /* EasyDeleteTests */ = {
			isa = PBXGroup;
			children = (
				F7BC54BA26BACE05006C41A5 /* EasyDeleteDataSourceTests.swift */,
				F75D7D7B26C6FD4E000F921C /* EasyDeleteDataBaseTests.swift */,
				F7BC54BC26BACE05006C41A5 /* Info.plist */,
			);
			path = EasyDeleteTests;
			sourceTree = "<group>";
		};
		F7BC54C426BB05B2006C41A5 /* Data */ = {
			isa = PBXGroup;
			children = (
				F768DF982989469000969914 /* Services */,
				F73881BB28B6C41E00704850 /* ViewModels */,
				F7BC54C526BB05C0006C41A5 /* Models */,
			);
			path = Data;
			sourceTree = "<group>";
		};
		F7BC54C526BB05C0006C41A5 /* Models */ = {
			isa = PBXGroup;
			children = (
				F7F55460298D74DC004F062C /* Contact+CoreDataClass.swift */,
				F7F55468298DA7EE004F062C /* ContactProtocol.swift */,
				F7810CA2299D73C70085CF5A /* Contact+CoreDataProperties.swift */,
				F7BC54C626BB05CD006C41A5 /* ContactModel.swift */,
			);
			path = Models;
			sourceTree = "<group>";
		};
		F7BC54CE26BB0A4D006C41A5 /* Views */ = {
			isa = PBXGroup;
			children = (
				F70A5CCA2988967A00B602B9 /* Cells */,
				F722DDFB26A874E30017493B /* ViewControllers */,
			);
			path = Views;
			sourceTree = "<group>";
		};
/* End PBXGroup section */

/* Begin PBXNativeTarget section */
		F722DDE126A8702A0017493B /* EasyDelete */ = {
			isa = PBXNativeTarget;
			buildConfigurationList = F722DDF626A8702C0017493B /* Build configuration list for PBXNativeTarget "EasyDelete" */;
			buildPhases = (
				F722DDDE26A8702A0017493B /* Sources */,
				F722DDDF26A8702A0017493B /* Frameworks */,
				F722DDE026A8702A0017493B /* Resources */,
				F7231C1726BDE3AD001F7787 /* ShellScript */,
			);
			buildRules = (
			);
			dependencies = (
			);
			name = EasyDelete;
			packageProductDependencies = (
				F7810CA5299D888E0085CF5A /* SnapKit */,
			);
			productName = EasyDelete;
			productReference = F722DDE226A8702A0017493B /* EasyDelete.app */;
			productType = "com.apple.product-type.application";
		};
		F7BC54B726BACE05006C41A5 /* EasyDeleteTests */ = {
			isa = PBXNativeTarget;
			buildConfigurationList = F7BC54BF26BACE05006C41A5 /* Build configuration list for PBXNativeTarget "EasyDeleteTests" */;
			buildPhases = (
				F7BC54B426BACE05006C41A5 /* Sources */,
				F7BC54B526BACE05006C41A5 /* Frameworks */,
				F7BC54B626BACE05006C41A5 /* Resources */,
			);
			buildRules = (
			);
			dependencies = (
				F7BC54BE26BACE05006C41A5 /* PBXTargetDependency */,
			);
			name = EasyDeleteTests;
			productName = EasyDeleteTests;
			productReference = F7BC54B826BACE05006C41A5 /* EasyDeleteTests.xctest */;
			productType = "com.apple.product-type.bundle.unit-test";
		};
/* End PBXNativeTarget section */

/* Begin PBXProject section */
		F722DDDA26A8702A0017493B /* Project object */ = {
			isa = PBXProject;
			attributes = {
				LastSwiftUpdateCheck = 1250;
				LastUpgradeCheck = 1250;
				TargetAttributes = {
					F722DDE126A8702A0017493B = {
						CreatedOnToolsVersion = 12.5.1;
					};
					F7BC54B726BACE05006C41A5 = {
						CreatedOnToolsVersion = 12.5.1;
						TestTargetID = F722DDE126A8702A0017493B;
					};
				};
			};
			buildConfigurationList = F722DDDD26A8702A0017493B /* Build configuration list for PBXProject "EasyDelete" */;
			compatibilityVersion = "Xcode 9.3";
			developmentRegion = en;
			hasScannedForEncodings = 0;
			knownRegions = (
				en,
				Base,
				"pt-PT",
			);
			mainGroup = F722DDD926A8702A0017493B;
			packageReferences = (
				F7810CA4299D888E0085CF5A /* XCRemoteSwiftPackageReference "SnapKit" */,
			);
			productRefGroup = F722DDE326A8702A0017493B /* Products */;
			projectDirPath = "";
			projectRoot = "";
			targets = (
				F722DDE126A8702A0017493B /* EasyDelete */,
				F7BC54B726BACE05006C41A5 /* EasyDeleteTests */,
			);
		};
/* End PBXProject section */

/* Begin PBXResourcesBuildPhase section */
		F722DDE026A8702A0017493B /* Resources */ = {
			isa = PBXResourcesBuildPhase;
			buildActionMask = 2147483647;
			files = (
				F7231C1926BDE481001F7787 /* .swiftlint.yml in Resources */,
				F7C845D926E0635400B971E1 /* Localizable.strings in Resources */,
				F71C7A2F26CEF9EC0009182A /* Assets.xcassets in Resources */,
				F722DDF226A8702C0017493B /* LaunchScreen.storyboard in Resources */,
			);
			runOnlyForDeploymentPostprocessing = 0;
		};
		F7BC54B626BACE05006C41A5 /* Resources */ = {
			isa = PBXResourcesBuildPhase;
			buildActionMask = 2147483647;
			files = (
			);
			runOnlyForDeploymentPostprocessing = 0;
		};
/* End PBXResourcesBuildPhase section */

/* Begin PBXShellScriptBuildPhase section */
		F7231C1726BDE3AD001F7787 /* ShellScript */ = {
			isa = PBXShellScriptBuildPhase;
			buildActionMask = 2147483647;
			files = (
			);
			inputFileListPaths = (
			);
			inputPaths = (
			);
			outputFileListPaths = (
			);
			outputPaths = (
			);
			runOnlyForDeploymentPostprocessing = 0;
			shellPath = /bin/sh;
			shellScript = "if which swiftlint >/dev/null; then\n  swiftlint\nelse\n  echo \"warning: SwiftLint not installed, download from https://github.com/realm/SwiftLint\"\nfi\n";
		};
/* End PBXShellScriptBuildPhase section */

/* Begin PBXSourcesBuildPhase section */
		F722DDDE26A8702A0017493B /* Sources */ = {
			isa = PBXSourcesBuildPhase;
			buildActionMask = 2147483647;
			files = (
				F768DF9C2989614500969914 /* ContactsCellViewModel.swift in Sources */,
				F722DE0226A8773D0017493B /* Consts.swift in Sources */,
				F70A5CCC2988969A00B602B9 /* ContactTableViewCell.swift in Sources */,
				F768DFC42989AB0200969914 /* EasyDelete.xcdatamodeld in Sources */,
				F7810CA3299D73C70085CF5A /* Contact+CoreDataProperties.swift in Sources */,
				F7F55473298DAE12004F062C /* CNMutableContact+Extension.swift in Sources */,
				F7BF154729D87FAF00F9730A /* Array+Extension.swift in Sources */,
				F70A5CD02988979700B602B9 /* ContactsVC+SearchBarDelegate.swift in Sources */,
				F73881BD28B6C43F00704850 /* ContactsListViewModel.swift in Sources */,
				F7361812298B07D700D3ADDA /* DatabaseManager.swift in Sources */,
				F7F55469298DA7EE004F062C /* ContactProtocol.swift in Sources */,
				F7231C2126BDF648001F7787 /* DeletedContactsVC+SearchBarDelegate.swift in Sources */,
				F7172F1126C42E960019B760 /* EDTypes.swift in Sources */,
				F7172F1326C42EAA0019B760 /* ContactStore.swift in Sources */,
				F7231C1F26BDEF3D001F7787 /* Alert.swift in Sources */,
				F7F55465298D91B3004F062C /* DeletedContactsListViewController.swift in Sources */,
				F722DDE626A8702A0017493B /* AppDelegate.swift in Sources */,
				F768DF9A2989477900969914 /* ContactsListViewController.swift in Sources */,
				F7F55462298D74DC004F062C /* Contact+CoreDataClass.swift in Sources */,
				F722DDE826A8702A0017493B /* SceneDelegate.swift in Sources */,
				F70A5CCE298896EC00B602B9 /* UITableViewCell+Extension.swift in Sources */,
				F7F55467298D966A004F062C /* DeletedContactTableViewCell.swift in Sources */,
				F7BC54B026BAAF4E006C41A5 /* UIView+Extension.swift in Sources */,
				F7BC54C726BB05CD006C41A5 /* ContactModel.swift in Sources */,
			);
			runOnlyForDeploymentPostprocessing = 0;
		};
		F7BC54B426BACE05006C41A5 /* Sources */ = {
			isa = PBXSourcesBuildPhase;
			buildActionMask = 2147483647;
			files = (
				F75D7D7C26C6FD4E000F921C /* EasyDeleteDataBaseTests.swift in Sources */,
				F7BC54BB26BACE05006C41A5 /* EasyDeleteDataSourceTests.swift in Sources */,
			);
			runOnlyForDeploymentPostprocessing = 0;
		};
/* End PBXSourcesBuildPhase section */

/* Begin PBXTargetDependency section */
		F7BC54BE26BACE05006C41A5 /* PBXTargetDependency */ = {
			isa = PBXTargetDependency;
			target = F722DDE126A8702A0017493B /* EasyDelete */;
			targetProxy = F7BC54BD26BACE05006C41A5 /* PBXContainerItemProxy */;
		};
/* End PBXTargetDependency section */

/* Begin PBXVariantGroup section */
		F722DDF026A8702C0017493B /* LaunchScreen.storyboard */ = {
			isa = PBXVariantGroup;
			children = (
				F722DDF126A8702C0017493B /* Base */,
				F7C845D626E062E400B971E1 /* pt-PT */,
			);
			name = LaunchScreen.storyboard;
			sourceTree = "<group>";
		};
		F7C845DB26E0635400B971E1 /* Localizable.strings */ = {
			isa = PBXVariantGroup;
			children = (
				F7C845DA26E0635400B971E1 /* pt-PT */,
				F7C845DC26E0636D00B971E1 /* en */,
			);
			name = Localizable.strings;
			sourceTree = "<group>";
		};
/* End PBXVariantGroup section */

/* Begin XCBuildConfiguration section */
		F722DDF426A8702C0017493B /* Debug */ = {
			isa = XCBuildConfiguration;
			buildSettings = {
				ALWAYS_SEARCH_USER_PATHS = NO;
				CLANG_ANALYZER_LOCALIZABILITY_NONLOCALIZED = YES;
				CLANG_ANALYZER_NONNULL = YES;
				CLANG_ANALYZER_NUMBER_OBJECT_CONVERSION = YES_AGGRESSIVE;
				CLANG_CXX_LANGUAGE_STANDARD = "gnu++14";
				CLANG_CXX_LIBRARY = "libc++";
				CLANG_ENABLE_MODULES = YES;
				CLANG_ENABLE_OBJC_ARC = YES;
				CLANG_ENABLE_OBJC_WEAK = YES;
				CLANG_WARN_BLOCK_CAPTURE_AUTORELEASING = YES;
				CLANG_WARN_BOOL_CONVERSION = YES;
				CLANG_WARN_COMMA = YES;
				CLANG_WARN_CONSTANT_CONVERSION = YES;
				CLANG_WARN_DEPRECATED_OBJC_IMPLEMENTATIONS = YES;
				CLANG_WARN_DIRECT_OBJC_ISA_USAGE = YES_ERROR;
				CLANG_WARN_DOCUMENTATION_COMMENTS = YES;
				CLANG_WARN_EMPTY_BODY = YES;
				CLANG_WARN_ENUM_CONVERSION = YES;
				CLANG_WARN_INFINITE_RECURSION = YES;
				CLANG_WARN_INT_CONVERSION = YES;
				CLANG_WARN_NON_LITERAL_NULL_CONVERSION = YES;
				CLANG_WARN_OBJC_IMPLICIT_RETAIN_SELF = YES;
				CLANG_WARN_OBJC_LITERAL_CONVERSION = YES;
				CLANG_WARN_OBJC_ROOT_CLASS = YES_ERROR;
				CLANG_WARN_QUOTED_INCLUDE_IN_FRAMEWORK_HEADER = YES;
				CLANG_WARN_RANGE_LOOP_ANALYSIS = YES;
				CLANG_WARN_STRICT_PROTOTYPES = YES;
				CLANG_WARN_SUSPICIOUS_MOVE = YES;
				CLANG_WARN_UNGUARDED_AVAILABILITY = YES_AGGRESSIVE;
				CLANG_WARN_UNREACHABLE_CODE = YES;
				CLANG_WARN__DUPLICATE_METHOD_MATCH = YES;
				COPY_PHASE_STRIP = NO;
				DEBUG_INFORMATION_FORMAT = dwarf;
				ENABLE_STRICT_OBJC_MSGSEND = YES;
				ENABLE_TESTABILITY = YES;
				GCC_C_LANGUAGE_STANDARD = gnu11;
				GCC_DYNAMIC_NO_PIC = NO;
				GCC_NO_COMMON_BLOCKS = YES;
				GCC_OPTIMIZATION_LEVEL = 0;
				GCC_PREFIX_HEADER = "${TARGET_NAME}";
				GCC_PREPROCESSOR_DEFINITIONS = (
					"DEBUG=1",
					"$(inherited)",
				);
				GCC_WARN_64_TO_32_BIT_CONVERSION = YES;
				GCC_WARN_ABOUT_RETURN_TYPE = YES_ERROR;
				GCC_WARN_UNDECLARED_SELECTOR = YES;
				GCC_WARN_UNINITIALIZED_AUTOS = YES_AGGRESSIVE;
				GCC_WARN_UNUSED_FUNCTION = YES;
				GCC_WARN_UNUSED_VARIABLE = YES;
				INFOPLIST_FILE = "/Users/marcosvicente/Documents/Xcode/MyProjects/EasyDeleteOld/EasyDeleteOld/Supporting Files/Info.plist";
				IPHONEOS_DEPLOYMENT_TARGET = 13.0;
				MTL_ENABLE_DEBUG_INFO = INCLUDE_SOURCE;
				MTL_FAST_MATH = YES;
				ONLY_ACTIVE_ARCH = YES;
				PRODUCT_BUNDLE_IDENTIFIER = "${PRODUCT_NAME} ";
				PRODUCT_NAME = "${TARGET_NAME}";
				SDKROOT = iphoneos;
				SWIFT_ACTIVE_COMPILATION_CONDITIONS = DEBUG;
				SWIFT_OPTIMIZATION_LEVEL = "-Onone";
			};
			name = Debug;
		};
		F722DDF526A8702C0017493B /* Release */ = {
			isa = XCBuildConfiguration;
			buildSettings = {
				ALWAYS_SEARCH_USER_PATHS = NO;
				CLANG_ANALYZER_LOCALIZABILITY_NONLOCALIZED = YES;
				CLANG_ANALYZER_NONNULL = YES;
				CLANG_ANALYZER_NUMBER_OBJECT_CONVERSION = YES_AGGRESSIVE;
				CLANG_CXX_LANGUAGE_STANDARD = "gnu++14";
				CLANG_CXX_LIBRARY = "libc++";
				CLANG_ENABLE_MODULES = YES;
				CLANG_ENABLE_OBJC_ARC = YES;
				CLANG_ENABLE_OBJC_WEAK = YES;
				CLANG_WARN_BLOCK_CAPTURE_AUTORELEASING = YES;
				CLANG_WARN_BOOL_CONVERSION = YES;
				CLANG_WARN_COMMA = YES;
				CLANG_WARN_CONSTANT_CONVERSION = YES;
				CLANG_WARN_DEPRECATED_OBJC_IMPLEMENTATIONS = YES;
				CLANG_WARN_DIRECT_OBJC_ISA_USAGE = YES_ERROR;
				CLANG_WARN_DOCUMENTATION_COMMENTS = YES;
				CLANG_WARN_EMPTY_BODY = YES;
				CLANG_WARN_ENUM_CONVERSION = YES;
				CLANG_WARN_INFINITE_RECURSION = YES;
				CLANG_WARN_INT_CONVERSION = YES;
				CLANG_WARN_NON_LITERAL_NULL_CONVERSION = YES;
				CLANG_WARN_OBJC_IMPLICIT_RETAIN_SELF = YES;
				CLANG_WARN_OBJC_LITERAL_CONVERSION = YES;
				CLANG_WARN_OBJC_ROOT_CLASS = YES_ERROR;
				CLANG_WARN_QUOTED_INCLUDE_IN_FRAMEWORK_HEADER = YES;
				CLANG_WARN_RANGE_LOOP_ANALYSIS = YES;
				CLANG_WARN_STRICT_PROTOTYPES = YES;
				CLANG_WARN_SUSPICIOUS_MOVE = YES;
				CLANG_WARN_UNGUARDED_AVAILABILITY = YES_AGGRESSIVE;
				CLANG_WARN_UNREACHABLE_CODE = YES;
				CLANG_WARN__DUPLICATE_METHOD_MATCH = YES;
				COPY_PHASE_STRIP = NO;
				DEBUG_INFORMATION_FORMAT = "dwarf-with-dsym";
				ENABLE_NS_ASSERTIONS = NO;
				ENABLE_STRICT_OBJC_MSGSEND = YES;
				GCC_C_LANGUAGE_STANDARD = gnu11;
				GCC_NO_COMMON_BLOCKS = YES;
				GCC_PREFIX_HEADER = "${TARGET_NAME}";
				GCC_WARN_64_TO_32_BIT_CONVERSION = YES;
				GCC_WARN_ABOUT_RETURN_TYPE = YES_ERROR;
				GCC_WARN_UNDECLARED_SELECTOR = YES;
				GCC_WARN_UNINITIALIZED_AUTOS = YES_AGGRESSIVE;
				GCC_WARN_UNUSED_FUNCTION = YES;
				GCC_WARN_UNUSED_VARIABLE = YES;
				INFOPLIST_FILE = "/Users/marcosvicente/Documents/Xcode/MyProjects/EasyDeleteOld/EasyDeleteOld/Supporting Files/Info.plist";
				IPHONEOS_DEPLOYMENT_TARGET = 13.0;
				MTL_ENABLE_DEBUG_INFO = NO;
				MTL_FAST_MATH = YES;
				PRODUCT_BUNDLE_IDENTIFIER = "${PRODUCT_NAME} ";
				PRODUCT_NAME = "${TARGET_NAME}";
				SDKROOT = iphoneos;
				SWIFT_COMPILATION_MODE = wholemodule;
				SWIFT_OPTIMIZATION_LEVEL = "-O";
				VALIDATE_PRODUCT = YES;
			};
			name = Release;
		};
		F722DDF726A8702C0017493B /* Debug */ = {
			isa = XCBuildConfiguration;
			buildSettings = {
				ASSETCATALOG_COMPILER_APPICON_NAME = AppIcon;
				ASSETCATALOG_COMPILER_GLOBAL_ACCENT_COLOR_NAME = AccentColor;
				CODE_SIGN_IDENTITY = "Apple Development";
				CODE_SIGN_STYLE = Automatic;
				CURRENT_PROJECT_VERSION = 2;
				DEVELOPMENT_TEAM = Q4L92P5BF3;
				INFOPLIST_FILE = "$(SRCROOT)/EasyDelete/Supporting Files/Info.plist";
				INFOPLIST_KEY_CFBundleDisplayName = EasyDelete;
				INFOPLIST_KEY_LSApplicationCategoryType = "public.app-category.productivity";
				LD_RUNPATH_SEARCH_PATHS = (
					"$(inherited)",
					"@executable_path/Frameworks",
				);
				PRODUCT_BUNDLE_IDENTIFIER = ao.mwmv.EasyDelete;
				"PRODUCT_BUNDLE_IDENTIFIER[sdk=iphoneos*]" = EasyDelete;
				PRODUCT_NAME = "$(TARGET_NAME)";
				PROVISIONING_PROFILE_SPECIFIER = "";
				SWIFT_VERSION = 5.0;
				TARGETED_DEVICE_FAMILY = 1;
			};
			name = Debug;
		};
		F722DDF826A8702C0017493B /* Release */ = {
			isa = XCBuildConfiguration;
			buildSettings = {
				ASSETCATALOG_COMPILER_APPICON_NAME = AppIcon;
				ASSETCATALOG_COMPILER_GLOBAL_ACCENT_COLOR_NAME = AccentColor;
				CODE_SIGN_IDENTITY = "Apple Development";
				CODE_SIGN_STYLE = Automatic;
				CURRENT_PROJECT_VERSION = 2;
				DEVELOPMENT_TEAM = Q4L92P5BF3;
				INFOPLIST_FILE = "$(SRCROOT)/EasyDelete/Supporting Files/Info.plist";
				INFOPLIST_KEY_CFBundleDisplayName = EasyDelete;
				INFOPLIST_KEY_LSApplicationCategoryType = "public.app-category.productivity";
				LD_RUNPATH_SEARCH_PATHS = (
					"$(inherited)",
					"@executable_path/Frameworks",
				);
				PRODUCT_BUNDLE_IDENTIFIER = ao.mwmv.EasyDelete;
				"PRODUCT_BUNDLE_IDENTIFIER[sdk=iphoneos*]" = EasyDelete;
				PRODUCT_NAME = "$(TARGET_NAME)";
				PROVISIONING_PROFILE_SPECIFIER = "";
				SWIFT_VERSION = 5.0;
				TARGETED_DEVICE_FAMILY = 1;
			};
			name = Release;
		};
		F7BC54C026BACE05006C41A5 /* Debug */ = {
			isa = XCBuildConfiguration;
			buildSettings = {
				BUNDLE_LOADER = "$(TEST_HOST)";
				CODE_SIGN_STYLE = Automatic;
				DEVELOPMENT_TEAM = WWR54AX99P;
				INFOPLIST_FILE = EasyDeleteTests/Info.plist;
				IPHONEOS_DEPLOYMENT_TARGET = 13.0;
				LD_RUNPATH_SEARCH_PATHS = (
					"$(inherited)",
					"@executable_path/Frameworks",
					"@loader_path/Frameworks",
				);
				PRODUCT_BUNDLE_IDENTIFIER = com.mwmv.EasyDeleteTests;
				PRODUCT_NAME = "$(TARGET_NAME)";
				SWIFT_VERSION = 5.0;
				TARGETED_DEVICE_FAMILY = "1,2";
				TEST_HOST = "$(BUILT_PRODUCTS_DIR)/EasyDelete.app/EasyDelete";
			};
			name = Debug;
		};
		F7BC54C126BACE05006C41A5 /* Release */ = {
			isa = XCBuildConfiguration;
			buildSettings = {
				BUNDLE_LOADER = "$(TEST_HOST)";
				CODE_SIGN_STYLE = Automatic;
				DEVELOPMENT_TEAM = WWR54AX99P;
				INFOPLIST_FILE = EasyDeleteTests/Info.plist;
				IPHONEOS_DEPLOYMENT_TARGET = 13.0;
				LD_RUNPATH_SEARCH_PATHS = (
					"$(inherited)",
					"@executable_path/Frameworks",
					"@loader_path/Frameworks",
				);
				PRODUCT_BUNDLE_IDENTIFIER = com.mwmv.EasyDeleteTests;
				PRODUCT_NAME = "$(TARGET_NAME)";
				SWIFT_VERSION = 5.0;
				TARGETED_DEVICE_FAMILY = "1,2";
				TEST_HOST = "$(BUILT_PRODUCTS_DIR)/EasyDelete.app/EasyDelete";
			};
			name = Release;
		};
/* End XCBuildConfiguration section */

/* Begin XCConfigurationList section */
		F722DDDD26A8702A0017493B /* Build configuration list for PBXProject "EasyDelete" */ = {
			isa = XCConfigurationList;
			buildConfigurations = (
				F722DDF426A8702C0017493B /* Debug */,
				F722DDF526A8702C0017493B /* Release */,
			);
			defaultConfigurationIsVisible = 0;
			defaultConfigurationName = Release;
		};
		F722DDF626A8702C0017493B /* Build configuration list for PBXNativeTarget "EasyDelete" */ = {
			isa = XCConfigurationList;
			buildConfigurations = (
				F722DDF726A8702C0017493B /* Debug */,
				F722DDF826A8702C0017493B /* Release */,
			);
			defaultConfigurationIsVisible = 0;
			defaultConfigurationName = Release;
		};
		F7BC54BF26BACE05006C41A5 /* Build configuration list for PBXNativeTarget "EasyDeleteTests" */ = {
			isa = XCConfigurationList;
			buildConfigurations = (
				F7BC54C026BACE05006C41A5 /* Debug */,
				F7BC54C126BACE05006C41A5 /* Release */,
			);
			defaultConfigurationIsVisible = 0;
			defaultConfigurationName = Release;
		};
/* End XCConfigurationList section */

/* Begin XCRemoteSwiftPackageReference section */
		F7810CA4299D888E0085CF5A /* XCRemoteSwiftPackageReference "SnapKit" */ = {
			isa = XCRemoteSwiftPackageReference;
			repositoryURL = "https://github.com/SnapKit/SnapKit.git";
			requirement = {
				kind = upToNextMajorVersion;
				minimumVersion = 5.0.1;
			};
		};
/* End XCRemoteSwiftPackageReference section */

/* Begin XCSwiftPackageProductDependency section */
		F7810CA5299D888E0085CF5A /* SnapKit */ = {
			isa = XCSwiftPackageProductDependency;
			package = F7810CA4299D888E0085CF5A /* XCRemoteSwiftPackageReference "SnapKit" */;
			productName = SnapKit;
		};
/* End XCSwiftPackageProductDependency section */

/* Begin XCVersionGroup section */
		F768DFC22989AB0200969914 /* EasyDelete.xcdatamodeld */ = {
			isa = XCVersionGroup;
			children = (
				F768DFC32989AB0200969914 /* EasyDelete.xcdatamodel */,
			);
			currentVersion = F768DFC32989AB0200969914 /* EasyDelete.xcdatamodel */;
			path = EasyDelete.xcdatamodeld;
			sourceTree = "<group>";
			versionGroupType = wrapper.xcdatamodel;
		};
/* End XCVersionGroup section */
	};
	rootObject = F722DDDA26A8702A0017493B /* Project object */;
}
